<?xml version="1.0" encoding="utf-8"?>
<Project ToolsVersion="4.0" xmlns="http://schemas.microsoft.com/developer/msbuild/2003">
  <ItemGroup>
    <Filter Include="Source Files">
      <UniqueIdentifier>{4FC737F1-C7A5-4376-A066-2A32D752A2FF}</UniqueIdentifier>
      <Extensions>cpp;c;cc;cxx;def;odl;idl;hpj;bat;asm;asmx</Extensions>
    </Filter>
    <Filter Include="Header Files">
      <UniqueIdentifier>{93995380-89BD-4b04-88EB-625FBE52EBFB}</UniqueIdentifier>
      <Extensions>h;hh;hpp;hxx;hm;inl;inc;xsd</Extensions>
    </Filter>
    <Filter Include="Resource Files">
      <UniqueIdentifier>{67DA6AB6-F800-4c08-8B7A-83BB121AAD01}</UniqueIdentifier>
      <Extensions>rc;ico;cur;bmp;dlg;rc2;rct;bin;rgs;gif;jpg;jpeg;jpe;resx;tiff;tif;png;wav;mfcribbon-ms</Extensions>
    </Filter>
    <Filter Include="Header Files\ADF">
      <UniqueIdentifier>{d444fbc6-ebe5-4237-9f75-a1a6640a2c49}</UniqueIdentifier>
    </Filter>
    <Filter Include="Source Files\ADF">
      <UniqueIdentifier>{9455a5a1-3086-4a1b-af57-802153b97fed}</UniqueIdentifier>
    </Filter>
    <Filter Include="Source Files\RBM">
      <UniqueIdentifier>{acbfaa52-a0fe-4999-8188-75d195dbe1ee}</UniqueIdentifier>
    </Filter>
    <Filter Include="Header Files\RBM">
      <UniqueIdentifier>{8ec6d2cf-c20c-4015-bde5-994c0e3add54}</UniqueIdentifier>
    </Filter>
  </ItemGroup>
  <ItemGroup>
    <ClInclude Include="include\ADF.h">
      <Filter>Header Files\ADF</Filter>
    </ClInclude>
    <ClInclude Include="include\AdfBaseObject.h">
      <Filter>Header Files\ADF</Filter>
    </ClInclude>
    <ClInclude Include="include\AdfRegistry.h">
      <Filter>Header Files\ADF</Filter>
    </ClInclude>
    <ClInclude Include="include\AmfEnums.h">
      <Filter>Header Files\ADF</Filter>
    </ClInclude>
    <ClInclude Include="include\AmfFormatEvaluators.h">
      <Filter>Header Files\ADF</Filter>
    </ClInclude>
    <ClInclude Include="include\AmfMesh.h">
      <Filter>Header Files\ADF</Filter>
    </ClInclude>
    <ClInclude Include="include\AmfModel.h">
      <Filter>Header Files\ADF</Filter>
    </ClInclude>
    <ClInclude Include="include\RBM.h">
      <Filter>Header Files\RBM</Filter>
    </ClInclude>
    <ClInclude Include="include\RBMClassesHU.h">
      <Filter>Header Files\RBM</Filter>
    </ClInclude>
    <ClInclude Include="include\RBMClassesJC2.h">
      <Filter>Header Files\RBM</Filter>
    </ClInclude>
    <ClInclude Include="include\RBMClassesJC3.h">
      <Filter>Header Files\RBM</Filter>
    </ClInclude>
    <ClInclude Include="include\RBNClasses.h">
      <Filter>Header Files\RBM</Filter>
    </ClInclude>
    <ClInclude Include="include\RBSClasses.h">
      <Filter>Header Files\RBM</Filter>
    </ClInclude>
    <ClInclude Include="include\ApexApi.h">
      <Filter>Header Files</Filter>
    </ClInclude>
    <ClInclude Include="include\Units.h">
      <Filter>Header Files</Filter>
    </ClInclude>
  </ItemGroup>
  <ItemGroup>
    <ClCompile Include="src\lookup3.c">
      <Filter>Source Files</Filter>
    </ClCompile>
    <ClCompile Include="src\RBM.cpp">
      <Filter>Source Files\RBM</Filter>
    </ClCompile>
    <ClCompile Include="src\RBMClassesHU.cpp">
      <Filter>Source Files\RBM</Filter>
    </ClCompile>
    <ClCompile Include="src\RBMClassesJC2.cpp">
      <Filter>Source Files\RBM</Filter>
    </ClCompile>
    <ClCompile Include="src\RBMClassesJC3.cpp">
      <Filter>Source Files\RBM</Filter>
    </ClCompile>
    <ClCompile Include="src\RBMReg.cpp">
      <Filter>Source Files\RBM</Filter>
    </ClCompile>
    <ClCompile Include="src\RBNClasses.cpp">
      <Filter>Source Files\RBM</Filter>
    </ClCompile>
    <ClCompile Include="src\RBSClasses.cpp">
      <Filter>Source Files\RBM</Filter>
    </ClCompile>
    <ClCompile Include="src\ADF.cpp">
      <Filter>Source Files\ADF</Filter>
    </ClCompile>
    <ClCompile Include="src\ADFReg.cpp">
      <Filter>Source Files\ADF</Filter>
    </ClCompile>
    <ClCompile Include="src\AmfMesh.cpp">
      <Filter>Source Files\ADF</Filter>
    </ClCompile>
    <ClCompile Include="src\AmfModel.cpp">
      <Filter>Source Files\ADF</Filter>
    </ClCompile>
    <ClCompile Include="3rd_party\pugixml\src\pugixml.cpp">
      <Filter>Source Files</Filter>
    </ClCompile>
    <ClCompile Include="3rd_party\PreCore\datas\esString.cpp">
      <Filter>Source Files</Filter>
    </ClCompile>
    <ClCompile Include="3rd_party\PreCore\datas\MasterPrinter.cpp">
      <Filter>Source Files</Filter>
    </ClCompile>
    <ClCompile Include="3rd_party\PreCore\datas\reflector.cpp">
      <Filter>Source Files</Filter>
    </ClCompile>
  </ItemGroup>
</Project>